// !$*UTF8*$!
{
	archiveVersion = 1;
	classes = {
	};
	objectVersion = 56;
	objects = {

/* Begin PBXBuildFile section */
		18A57BD829A88E5700BD7909 /* AppDelegate.m in Sources */ = {isa = PBXBuildFile; fileRef = 18A57BD729A88E5700BD7909 /* AppDelegate.m */; };
		18A57BDB29A88E5700BD7909 /* SceneDelegate.m in Sources */ = {isa = PBXBuildFile; fileRef = 18A57BDA29A88E5700BD7909 /* SceneDelegate.m */; };
		18A57BDE29A88E5700BD7909 /* ViewController.m in Sources */ = {isa = PBXBuildFile; fileRef = 18A57BDD29A88E5700BD7909 /* ViewController.m */; };
		18A57BE129A88E5700BD7909 /* Main.storyboard in Resources */ = {isa = PBXBuildFile; fileRef = 18A57BDF29A88E5700BD7909 /* Main.storyboard */; };
		18A57BE329A88E5900BD7909 /* Assets.xcassets in Resources */ = {isa = PBXBuildFile; fileRef = 18A57BE229A88E5900BD7909 /* Assets.xcassets */; };
		18A57BE629A88E5900BD7909 /* LaunchScreen.storyboard in Resources */ = {isa = PBXBuildFile; fileRef = 18A57BE429A88E5900BD7909 /* LaunchScreen.storyboard */; };
		18A57BE929A88E5900BD7909 /* main.m in Sources */ = {isa = PBXBuildFile; fileRef = 18A57BE829A88E5900BD7909 /* main.m */; };
		18A57BF329A88E5900BD7909 /* LoanGuruTests.m in Sources */ = {isa = PBXBuildFile; fileRef = 18A57BF229A88E5900BD7909 /* LoanGuruTests.m */; };
		18A57BFD29A88E5900BD7909 /* LoanGuruUITests.m in Sources */ = {isa = PBXBuildFile; fileRef = 18A57BFC29A88E5900BD7909 /* LoanGuruUITests.m */; };
		18A57BFF29A88E5900BD7909 /* LoanGuruUITestsLaunchTests.m in Sources */ = {isa = PBXBuildFile; fileRef = 18A57BFE29A88E5900BD7909 /* LoanGuruUITestsLaunchTests.m */; };
/* End PBXBuildFile section */

/* Begin PBXContainerItemProxy section */
		18A57BEF29A88E5900BD7909 /* PBXContainerItemProxy */ = {
			isa = PBXContainerItemProxy;
			containerPortal = 18A57BCB29A88E5700BD7909 /* Project object */;
			proxyType = 1;
			remoteGlobalIDString = 18A57BD229A88E5700BD7909;
			remoteInfo = LoanGuru;
		};
		18A57BF929A88E5900BD7909 /* PBXContainerItemProxy */ = {
			isa = PBXContainerItemProxy;
			containerPortal = 18A57BCB29A88E5700BD7909 /* Project object */;
			proxyType = 1;
			remoteGlobalIDString = 18A57BD229A88E5700BD7909;
			remoteInfo = LoanGuru;
		};
/* End PBXContainerItemProxy section */

/* Begin PBXFileReference section */
		18A57BD329A88E5700BD7909 /* LoanGuru.app */ = {isa = PBXFileReference; explicitFileType = wrapper.application; includeInIndex = 0; path = LoanGuru.app; sourceTree = BUILT_PRODUCTS_DIR; };
		18A57BD629A88E5700BD7909 /* AppDelegate.h */ = {isa = PBXFileReference; lastKnownFileType = sourcecode.c.h; path = AppDelegate.h; sourceTree = "<group>"; };
		18A57BD729A88E5700BD7909 /* AppDelegate.m */ = {isa = PBXFileReference; lastKnownFileType = sourcecode.c.objc; path = AppDelegate.m; sourceTree = "<group>"; };
		18A57BD929A88E5700BD7909 /* SceneDelegate.h */ = {isa = PBXFileReference; lastKnownFileType = sourcecode.c.h; path = SceneDelegate.h; sourceTree = "<group>"; };
		18A57BDA29A88E5700BD7909 /* SceneDelegate.m */ = {isa = PBXFileReference; lastKnownFileType = sourcecode.c.objc; path = SceneDelegate.m; sourceTree = "<group>"; };
		18A57BDC29A88E5700BD7909 /* ViewController.h */ = {isa = PBXFileReference; lastKnownFileType = sourcecode.c.h; path = ViewController.h; sourceTree = "<group>"; };
		18A57BDD29A88E5700BD7909 /* ViewController.m */ = {isa = PBXFileReference; lastKnownFileType = sourcecode.c.objc; path = ViewController.m; sourceTree = "<group>"; };
		18A57BE029A88E5700BD7909 /* Base */ = {isa = PBXFileReference; lastKnownFileType = file.storyboard; name = Base; path = Base.lproj/Main.storyboard; sourceTree = "<group>"; };
		18A57BE229A88E5900BD7909 /* Assets.xcassets */ = {isa = PBXFileReference; lastKnownFileType = folder.assetcatalog; path = Assets.xcassets; sourceTree = "<group>"; };
		18A57BE529A88E5900BD7909 /* Base */ = {isa = PBXFileReference; lastKnownFileType = file.storyboard; name = Base; path = Base.lproj/LaunchScreen.storyboard; sourceTree = "<group>"; };
		18A57BE729A88E5900BD7909 /* Info.plist */ = {isa = PBXFileReference; lastKnownFileType = text.plist.xml; path = Info.plist; sourceTree = "<group>"; };
		18A57BE829A88E5900BD7909 /* main.m */ = {isa = PBXFileReference; lastKnownFileType = sourcecode.c.objc; path = main.m; sourceTree = "<group>"; };
		18A57BEE29A88E5900BD7909 /* LoanGuruTests.xctest */ = {isa = PBXFileReference; explicitFileType = wrapper.cfbundle; includeInIndex = 0; path = LoanGuruTests.xctest; sourceTree = BUILT_PRODUCTS_DIR; };
		18A57BF229A88E5900BD7909 /* LoanGuruTests.m */ = {isa = PBXFileReference; lastKnownFileType = sourcecode.c.objc; path = LoanGuruTests.m; sourceTree = "<group>"; };
		18A57BF829A88E5900BD7909 /* LoanGuruUITests.xctest */ = {isa = PBXFileReference; explicitFileType = wrapper.cfbundle; includeInIndex = 0; path = LoanGuruUITests.xctest; sourceTree = BUILT_PRODUCTS_DIR; };
		18A57BFC29A88E5900BD7909 /* LoanGuruUITests.m */ = {isa = PBXFileReference; lastKnownFileType = sourcecode.c.objc; path = LoanGuruUITests.m; sourceTree = "<group>"; };
		18A57BFE29A88E5900BD7909 /* LoanGuruUITestsLaunchTests.m */ = {isa = PBXFileReference; lastKnownFileType = sourcecode.c.objc; path = LoanGuruUITestsLaunchTests.m; sourceTree = "<group>"; };
/* End PBXFileReference section */

/* Begin PBXFrameworksBuildPhase section */
		18A57BD029A88E5700BD7909 /* Frameworks */ = {
			isa = PBXFrameworksBuildPhase;
			buildActionMask = 2147483647;
			files = (
			);
			runOnlyForDeploymentPostprocessing = 0;
		};
		18A57BEB29A88E5900BD7909 /* Frameworks */ = {
			isa = PBXFrameworksBuildPhase;
			buildActionMask = 2147483647;
			files = (
			);
			runOnlyForDeploymentPostprocessing = 0;
		};
		18A57BF529A88E5900BD7909 /* Frameworks */ = {
			isa = PBXFrameworksBuildPhase;
			buildActionMask = 2147483647;
			files = (
			);
			runOnlyForDeploymentPostprocessing = 0;
		};
/* End PBXFrameworksBuildPhase section */

/* Begin PBXGroup section */
		18A57BCA29A88E5700BD7909 = {
			isa = PBXGroup;
			children = (
				18A57BD529A88E5700BD7909 /* LoanGuru */,
				18A57BF129A88E5900BD7909 /* LoanGuruTests */,
				18A57BFB29A88E5900BD7909 /* LoanGuruUITests */,
				18A57BD429A88E5700BD7909 /* Products */,
			);
			sourceTree = "<group>";
		};
		18A57BD429A88E5700BD7909 /* Products */ = {
			isa = PBXGroup;
			children = (
				18A57BD329A88E5700BD7909 /* LoanGuru.app */,
				18A57BEE29A88E5900BD7909 /* LoanGuruTests.xctest */,
				18A57BF829A88E5900BD7909 /* LoanGuruUITests.xctest */,
			);
			name = Products;
			sourceTree = "<group>";
		};
		18A57BD529A88E5700BD7909 /* LoanGuru */ = {
			isa = PBXGroup;
			children = (
				18A57BD629A88E5700BD7909 /* AppDelegate.h */,
				18A57BD729A88E5700BD7909 /* AppDelegate.m */,
				18A57BD929A88E5700BD7909 /* SceneDelegate.h */,
				18A57BDA29A88E5700BD7909 /* SceneDelegate.m */,
				18A57BDC29A88E5700BD7909 /* ViewController.h */,
				18A57BDD29A88E5700BD7909 /* ViewController.m */,
				18A57BDF29A88E5700BD7909 /* Main.storyboard */,
				18A57BE229A88E5900BD7909 /* Assets.xcassets */,
				18A57BE429A88E5900BD7909 /* LaunchScreen.storyboard */,
				18A57BE729A88E5900BD7909 /* Info.plist */,
				18A57BE829A88E5900BD7909 /* main.m */,
			);
			path = LoanGuru;
			sourceTree = "<group>";
		};
		18A57BF129A88E5900BD7909 /* LoanGuruTests */ = {
			isa = PBXGroup;
			children = (
				18A57BF229A88E5900BD7909 /* LoanGuruTests.m */,
			);
			path = LoanGuruTests;
			sourceTree = "<group>";
		};
		18A57BFB29A88E5900BD7909 /* LoanGuruUITests */ = {
			isa = PBXGroup;
			children = (
				18A57BFC29A88E5900BD7909 /* LoanGuruUITests.m */,
				18A57BFE29A88E5900BD7909 /* LoanGuruUITestsLaunchTests.m */,
			);
			path = LoanGuruUITests;
			sourceTree = "<group>";
		};
/* End PBXGroup section */

/* Begin PBXNativeTarget section */
		18A57BD229A88E5700BD7909 /* LoanGuru */ = {
			isa = PBXNativeTarget;
			buildConfigurationList = 18A57C0229A88E5900BD7909 /* Build configuration list for PBXNativeTarget "LoanGuru" */;
			buildPhases = (
				18A57BCF29A88E5700BD7909 /* Sources */,
				18A57BD029A88E5700BD7909 /* Frameworks */,
				18A57BD129A88E5700BD7909 /* Resources */,
			);
			buildRules = (
			);
			dependencies = (
			);
			name = LoanGuru;
			productName = LoanGuru;
			productReference = 18A57BD329A88E5700BD7909 /* LoanGuru.app */;
			productType = "com.apple.product-type.application";
		};
		18A57BED29A88E5900BD7909 /* LoanGuruTests */ = {
			isa = PBXNativeTarget;
			buildConfigurationList = 18A57C0529A88E5900BD7909 /* Build configuration list for PBXNativeTarget "LoanGuruTests" */;
			buildPhases = (
				18A57BEA29A88E5900BD7909 /* Sources */,
				18A57BEB29A88E5900BD7909 /* Frameworks */,
				18A57BEC29A88E5900BD7909 /* Resources */,
			);
			buildRules = (
			);
			dependencies = (
				18A57BF029A88E5900BD7909 /* PBXTargetDependency */,
			);
			name = LoanGuruTests;
			productName = LoanGuruTests;
			productReference = 18A57BEE29A88E5900BD7909 /* LoanGuruTests.xctest */;
			productType = "com.apple.product-type.bundle.unit-test";
		};
		18A57BF729A88E5900BD7909 /* LoanGuruUITests */ = {
			isa = PBXNativeTarget;
			buildConfigurationList = 18A57C0829A88E5900BD7909 /* Build configuration list for PBXNativeTarget "LoanGuruUITests" */;
			buildPhases = (
				18A57BF429A88E5900BD7909 /* Sources */,
				18A57BF529A88E5900BD7909 /* Frameworks */,
				18A57BF629A88E5900BD7909 /* Resources */,
			);
			buildRules = (
			);
			dependencies = (
				18A57BFA29A88E5900BD7909 /* PBXTargetDependency */,
			);
			name = LoanGuruUITests;
			productName = LoanGuruUITests;
			productReference = 18A57BF829A88E5900BD7909 /* LoanGuruUITests.xctest */;
			productType = "com.apple.product-type.bundle.ui-testing";
		};
/* End PBXNativeTarget section */

/* Begin PBXProject section */
		18A57BCB29A88E5700BD7909 /* Project object */ = {
			isa = PBXProject;
			attributes = {
				BuildIndependentTargetsInParallel = 1;
				LastUpgradeCheck = 1420;
				TargetAttributes = {
					18A57BD229A88E5700BD7909 = {
						CreatedOnToolsVersion = 14.2;
					};
					18A57BED29A88E5900BD7909 = {
						CreatedOnToolsVersion = 14.2;
						TestTargetID = 18A57BD229A88E5700BD7909;
					};
					18A57BF729A88E5900BD7909 = {
						CreatedOnToolsVersion = 14.2;
						TestTargetID = 18A57BD229A88E5700BD7909;
					};
				};
			};
			buildConfigurationList = 18A57BCE29A88E5700BD7909 /* Build configuration list for PBXProject "LoanGuru" */;
			compatibilityVersion = "Xcode 14.0";
			developmentRegion = en;
			hasScannedForEncodings = 0;
			knownRegions = (
				en,
				Base,
			);
			mainGroup = 18A57BCA29A88E5700BD7909;
			productRefGroup = 18A57BD429A88E5700BD7909 /* Products */;
			projectDirPath = "";
			projectRoot = "";
			targets = (
				18A57BD229A88E5700BD7909 /* LoanGuru */,
				18A57BED29A88E5900BD7909 /* LoanGuruTests */,
				18A57BF729A88E5900BD7909 /* LoanGuruUITests */,
			);
		};
/* End PBXProject section */

/* Begin PBXResourcesBuildPhase section */
		18A57BD129A88E5700BD7909 /* Resources */ = {
			isa = PBXResourcesBuildPhase;
			buildActionMask = 2147483647;
			files = (
				18A57BE629A88E5900BD7909 /* LaunchScreen.storyboard in Resources */,
				18A57BE329A88E5900BD7909 /* Assets.xcassets in Resources */,
				18A57BE129A88E5700BD7909 /* Main.storyboard in Resources */,
			);
			runOnlyForDeploymentPostprocessing = 0;
		};
		18A57BEC29A88E5900BD7909 /* Resources */ = {
			isa = PBXResourcesBuildPhase;
			buildActionMask = 2147483647;
			files = (
			);
			runOnlyForDeploymentPostprocessing = 0;
		};
		18A57BF629A88E5900BD7909 /* Resources */ = {
			isa = PBXResourcesBuildPhase;
			buildActionMask = 2147483647;
			files = (
			);
			runOnlyForDeploymentPostprocessing = 0;
		};
/* End PBXResourcesBuildPhase section */

/* Begin PBXSourcesBuildPhase section */
		18A57BCF29A88E5700BD7909 /* Sources */ = {
			isa = PBXSourcesBuildPhase;
			buildActionMask = 2147483647;
			files = (
				18A57BDE29A88E5700BD7909 /* ViewController.m in Sources */,
				18A57BD829A88E5700BD7909 /* AppDelegate.m in Sources */,
				18A57BE929A88E5900BD7909 /* main.m in Sources */,
				18A57BDB29A88E5700BD7909 /* SceneDelegate.m in Sources */,
			);
			runOnlyForDeploymentPostprocessing = 0;
		};
		18A57BEA29A88E5900BD7909 /* Sources */ = {
			isa = PBXSourcesBuildPhase;
			buildActionMask = 2147483647;
			files = (
				18A57BF329A88E5900BD7909 /* LoanGuruTests.m in Sources */,
			);
			runOnlyForDeploymentPostprocessing = 0;
		};
		18A57BF429A88E5900BD7909 /* Sources */ = {
			isa = PBXSourcesBuildPhase;
			buildActionMask = 2147483647;
			files = (
				18A57BFD29A88E5900BD7909 /* LoanGuruUITests.m in Sources */,
				18A57BFF29A88E5900BD7909 /* LoanGuruUITestsLaunchTests.m in Sources */,
			);
			runOnlyForDeploymentPostprocessing = 0;
		};
/* End PBXSourcesBuildPhase section */

/* Begin PBXTargetDependency section */
		18A57BF029A88E5900BD7909 /* PBXTargetDependency */ = {
			isa = PBXTargetDependency;
			target = 18A57BD229A88E5700BD7909 /* LoanGuru */;
			targetProxy = 18A57BEF29A88E5900BD7909 /* PBXContainerItemProxy */;
		};
		18A57BFA29A88E5900BD7909 /* PBXTargetDependency */ = {
			isa = PBXTargetDependency;
			target = 18A57BD229A88E5700BD7909 /* LoanGuru */;
			targetProxy = 18A57BF929A88E5900BD7909 /* PBXContainerItemProxy */;
		};
/* End PBXTargetDependency section */

/* Begin PBXVariantGroup section */
		18A57BDF29A88E5700BD7909 /* Main.storyboard */ = {
			isa = PBXVariantGroup;
			children = (
				18A57BE029A88E5700BD7909 /* Base */,
			);
			name = Main.storyboard;
			sourceTree = "<group>";
		};
		18A57BE429A88E5900BD7909 /* LaunchScreen.storyboard */ = {
			isa = PBXVariantGroup;
			children = (
				18A57BE529A88E5900BD7909 /* Base */,
			);
			name = LaunchScreen.storyboard;
			sourceTree = "<group>";
		};
/* End PBXVariantGroup section */

/* Begin XCBuildConfiguration section */
		18A57C0029A88E5900BD7909 /* Debug */ = {
			isa = XCBuildConfiguration;
			buildSettings = {
				ALWAYS_SEARCH_USER_PATHS = NO;
				CLANG_ANALYZER_NONNULL = YES;
				CLANG_ANALYZER_NUMBER_OBJECT_CONVERSION = YES_AGGRESSIVE;
				CLANG_CXX_LANGUAGE_STANDARD = "gnu++20";
				CLANG_ENABLE_MODULES = YES;
				CLANG_ENABLE_OBJC_ARC = YES;
				CLANG_ENABLE_OBJC_WEAK = YES;
				CLANG_WARN_BLOCK_CAPTURE_AUTORELEASING = YES;
				CLANG_WARN_BOOL_CONVERSION = YES;
				CLANG_WARN_COMMA = YES;
				CLANG_WARN_CONSTANT_CONVERSION = YES;
				CLANG_WARN_DEPRECATED_OBJC_IMPLEMENTATIONS = YES;
				CLANG_WARN_DIRECT_OBJC_ISA_USAGE = YES_ERROR;
				CLANG_WARN_DOCUMENTATION_COMMENTS = YES;
				CLANG_WARN_EMPTY_BODY = YES;
				CLANG_WARN_ENUM_CONVERSION = YES;
				CLANG_WARN_INFINITE_RECURSION = YES;
				CLANG_WARN_INT_CONVERSION = YES;
				CLANG_WARN_NON_LITERAL_NULL_CONVERSION = YES;
				CLANG_WARN_OBJC_IMPLICIT_RETAIN_SELF = YES;
				CLANG_WARN_OBJC_LITERAL_CONVERSION = YES;
				CLANG_WARN_OBJC_ROOT_CLASS = YES_ERROR;
				CLANG_WARN_QUOTED_INCLUDE_IN_FRAMEWORK_HEADER = YES;
				CLANG_WARN_RANGE_LOOP_ANALYSIS = YES;
				CLANG_WARN_STRICT_PROTOTYPES = YES;
				CLANG_WARN_SUSPICIOUS_MOVE = YES;
				CLANG_WARN_UNGUARDED_AVAILABILITY = YES_AGGRESSIVE;
				CLANG_WARN_UNREACHABLE_CODE = YES;
				CLANG_WARN__DUPLICATE_METHOD_MATCH = YES;
				COPY_PHASE_STRIP = NO;
				DEBUG_INFORMATION_FORMAT = dwarf;
				ENABLE_STRICT_OBJC_MSGSEND = YES;
				ENABLE_TESTABILITY = YES;
				GCC_C_LANGUAGE_STANDARD = gnu11;
				GCC_DYNAMIC_NO_PIC = NO;
				GCC_NO_COMMON_BLOCKS = YES;
				GCC_OPTIMIZATION_LEVEL = 0;
				GCC_PREPROCESSOR_DEFINITIONS = (
					"DEBUG=1",
					"$(inherited)",
				);
				GCC_WARN_64_TO_32_BIT_CONVERSION = YES;
				GCC_WARN_ABOUT_RETURN_TYPE = YES_ERROR;
				GCC_WARN_UNDECLARED_SELECTOR = YES;
				GCC_WARN_UNINITIALIZED_AUTOS = YES_AGGRESSIVE;
				GCC_WARN_UNUSED_FUNCTION = YES;
				GCC_WARN_UNUSED_VARIABLE = YES;
				IPHONEOS_DEPLOYMENT_TARGET = 16.2;
				MTL_ENABLE_DEBUG_INFO = INCLUDE_SOURCE;
				MTL_FAST_MATH = YES;
				ONLY_ACTIVE_ARCH = YES;
				SDKROOT = iphoneos;
			};
			name = Debug;
		};
		18A57C0129A88E5900BD7909 /* Release */ = {
			isa = XCBuildConfiguration;
			buildSettings = {
				ALWAYS_SEARCH_USER_PATHS = NO;
				CLANG_ANALYZER_NONNULL = YES;
				CLANG_ANALYZER_NUMBER_OBJECT_CONVERSION = YES_AGGRESSIVE;
				CLANG_CXX_LANGUAGE_STANDARD = "gnu++20";
				CLANG_ENABLE_MODULES = YES;
				CLANG_ENABLE_OBJC_ARC = YES;
				CLANG_ENABLE_OBJC_WEAK = YES;
				CLANG_WARN_BLOCK_CAPTURE_AUTORELEASING = YES;
				CLANG_WARN_BOOL_CONVERSION = YES;
				CLANG_WARN_COMMA = YES;
				CLANG_WARN_CONSTANT_CONVERSION = YES;
				CLANG_WARN_DEPRECATED_OBJC_IMPLEMENTATIONS = YES;
				CLANG_WARN_DIRECT_OBJC_ISA_USAGE = YES_ERROR;
				CLANG_WARN_DOCUMENTATION_COMMENTS = YES;
				CLANG_WARN_EMPTY_BODY = YES;
				CLANG_WARN_ENUM_CONVERSION = YES;
				CLANG_WARN_INFINITE_RECURSION = YES;
				CLANG_WARN_INT_CONVERSION = YES;
				CLANG_WARN_NON_LITERAL_NULL_CONVERSION = YES;
				CLANG_WARN_OBJC_IMPLICIT_RETAIN_SELF = YES;
				CLANG_WARN_OBJC_LITERAL_CONVERSION = YES;
				CLANG_WARN_OBJC_ROOT_CLASS = YES_ERROR;
				CLANG_WARN_QUOTED_INCLUDE_IN_FRAMEWORK_HEADER = YES;
				CLANG_WARN_RANGE_LOOP_ANALYSIS = YES;
				CLANG_WARN_STRICT_PROTOTYPES = YES;
				CLANG_WARN_SUSPICIOUS_MOVE = YES;
				CLANG_WARN_UNGUARDED_AVAILABILITY = YES_AGGRESSIVE;
				CLANG_WARN_UNREACHABLE_CODE = YES;
				CLANG_WARN__DUPLICATE_METHOD_MATCH = YES;
				COPY_PHASE_STRIP = NO;
				DEBUG_INFORMATION_FORMAT = "dwarf-with-dsym";
				ENABLE_NS_ASSERTIONS = NO;
				ENABLE_STRICT_OBJC_MSGSEND = YES;
				GCC_C_LANGUAGE_STANDARD = gnu11;
				GCC_NO_COMMON_BLOCKS = YES;
				GCC_WARN_64_TO_32_BIT_CONVERSION = YES;
				GCC_WARN_ABOUT_RETURN_TYPE = YES_ERROR;
				GCC_WARN_UNDECLARED_SELECTOR = YES;
				GCC_WARN_UNINITIALIZED_AUTOS = YES_AGGRESSIVE;
				GCC_WARN_UNUSED_FUNCTION = YES;
				GCC_WARN_UNUSED_VARIABLE = YES;
				IPHONEOS_DEPLOYMENT_TARGET = 16.2;
				MTL_ENABLE_DEBUG_INFO = NO;
				MTL_FAST_MATH = YES;
				SDKROOT = iphoneos;
				VALIDATE_PRODUCT = YES;
			};
			name = Release;
		};
		18A57C0329A88E5900BD7909 /* Debug */ = {
			isa = XCBuildConfiguration;
			buildSettings = {
				ASSETCATALOG_COMPILER_APPICON_NAME = AppIcon;
				ASSETCATALOG_COMPILER_GLOBAL_ACCENT_COLOR_NAME = AccentColor;
				CODE_SIGN_STYLE = Automatic;
				CURRENT_PROJECT_VERSION = 1;
				DEVELOPMENT_TEAM = Y92476QC5T;
				GENERATE_INFOPLIST_FILE = YES;
				INFOPLIST_FILE = LoanGuru/Info.plist;
				INFOPLIST_KEY_UIApplicationSupportsIndirectInputEvents = YES;
				INFOPLIST_KEY_UILaunchStoryboardName = LaunchScreen;
				INFOPLIST_KEY_UIMainStoryboardFile = Main;
				INFOPLIST_KEY_UISupportedInterfaceOrientations_iPad = "UIInterfaceOrientationPortrait UIInterfaceOrientationPortraitUpsideDown UIInterfaceOrientationLandscapeLeft UIInterfaceOrientationLandscapeRight";
				INFOPLIST_KEY_UISupportedInterfaceOrientations_iPhone = "UIInterfaceOrientationPortrait UIInterfaceOrientationLandscapeLeft UIInterfaceOrientationLandscapeRight";
				LD_RUNPATH_SEARCH_PATHS = (
					"$(inherited)",
					"@executable_path/Frameworks",
				);
				MARKETING_VERSION = 1.0;
				PRODUCT_BUNDLE_IDENTIFIER = com.ibike668.CityPublicBike.LoanGuru;
				PRODUCT_NAME = "$(TARGET_NAME)";
				SWIFT_EMIT_LOC_STRINGS = YES;
				TARGETED_DEVICE_FAMILY = "1,2";
			};
			name = Debug;
		};
		18A57C0429A88E5900BD7909 /* Release */ = {
			isa = XCBuildConfiguration;
			buildSettings = {
				ASSETCATALOG_COMPILER_APPICON_NAME = AppIcon;
				ASSETCATALOG_COMPILER_GLOBAL_ACCENT_COLOR_NAME = AccentColor;
				CODE_SIGN_STYLE = Automatic;
				CURRENT_PROJECT_VERSION = 1;
				DEVELOPMENT_TEAM = Y92476QC5T;
				GENERATE_INFOPLIST_FILE = YES;
				INFOPLIST_FILE = LoanGuru/Info.plist;
				INFOPLIST_KEY_UIApplicationSupportsIndirectInputEvents = YES;
				INFOPLIST_KEY_UILaunchStoryboardName = LaunchScreen;
				INFOPLIST_KEY_UIMainStoryboardFile = Main;
				INFOPLIST_KEY_UISupportedInterfaceOrientations_iPad = "UIInterfaceOrientationPortrait UIInterfaceOrientationPortraitUpsideDown UIInterfaceOrientationLandscapeLeft UIInterfaceOrientationLandscapeRight";
				INFOPLIST_KEY_UISupportedInterfaceOrientations_iPhone = "UIInterfaceOrientationPortrait UIInterfaceOrientationLandscapeLeft UIInterfaceOrientationLandscapeRight";
				LD_RUNPATH_SEARCH_PATHS = (
					"$(inherited)",
					"@executable_path/Frameworks",
				);
				MARKETING_VERSION = 1.0;
				PRODUCT_BUNDLE_IDENTIFIER = com.ibike668.CityPublicBike.LoanGuru;
				PRODUCT_NAME = "$(TARGET_NAME)";
				SWIFT_EMIT_LOC_STRINGS = YES;
				TARGETED_DEVICE_FAMILY = "1,2";
			};
			name = Release;
		};
		18A57C0629A88E5900BD7909 /* Debug */ = {
			isa = XCBuildConfiguration;
			buildSettings = {
				BUNDLE_LOADER = "$(TEST_HOST)";
				CODE_SIGN_STYLE = Automatic;
				CURRENT_PROJECT_VERSION = 1;
				DEVELOPMENT_TEAM = Y92476QC5T;
				GENERATE_INFOPLIST_FILE = YES;
				IPHONEOS_DEPLOYMENT_TARGET = 16.2;
				MARKETING_VERSION = 1.0;
				PRODUCT_BUNDLE_IDENTIFIER = com.ibike668.CityPublicBike.LoanGuruTests;
				PRODUCT_NAME = "$(TARGET_NAME)";
				SWIFT_EMIT_LOC_STRINGS = NO;
				TARGETED_DEVICE_FAMILY = "1,2";
				TEST_HOST = "$(BUILT_PRODUCTS_DIR)/LoanGuru.app/$(BUNDLE_EXECUTABLE_FOLDER_PATH)/LoanGuru";
			};
			name = Debug;
		};
		18A57C0729A88E5900BD7909 /* Release */ = {
			isa = XCBuildConfiguration;
			buildSettings = {
				BUNDLE_LOADER = "$(TEST_HOST)";
				CODE_SIGN_STYLE = Automatic;
				CURRENT_PROJECT_VERSION = 1;
				DEVELOPMENT_TEAM = Y92476QC5T;
				GENERATE_INFOPLIST_FILE = YES;
				IPHONEOS_DEPLOYMENT_TARGET = 16.2;
				MARKETING_VERSION = 1.0;
				PRODUCT_BUNDLE_IDENTIFIER = com.ibike668.CityPublicBike.LoanGuruTests;
				PRODUCT_NAME = "$(TARGET_NAME)";
				SWIFT_EMIT_LOC_STRINGS = NO;
				TARGETED_DEVICE_FAMILY = "1,2";
				TEST_HOST = "$(BUILT_PRODUCTS_DIR)/LoanGuru.app/$(BUNDLE_EXECUTABLE_FOLDER_PATH)/LoanGuru";
			};
			name = Release;
		};
		18A57C0929A88E5900BD7909 /* Debug */ = {
			isa = XCBuildConfiguration;
			buildSettings = {
				CODE_SIGN_STYLE = Automatic;
				CURRENT_PROJECT_VERSION = 1;
				DEVELOPMENT_TEAM = Y92476QC5T;
				GENERATE_INFOPLIST_FILE = YES;
				MARKETING_VERSION = 1.0;
				PRODUCT_BUNDLE_IDENTIFIER = com.ibike668.CityPublicBike.LoanGuruUITests;
				PRODUCT_NAME = "$(TARGET_NAME)";
				SWIFT_EMIT_LOC_STRINGS = NO;
				TARGETED_DEVICE_FAMILY = "1,2";
				TEST_TARGET_NAME = LoanGuru;
			};
			name = Debug;
		};
		18A57C0A29A88E5900BD7909 /* Release */ = {
			isa = XCBuildConfiguration;
			buildSettings = {
				CODE_SIGN_STYLE = Automatic;
				CURRENT_PROJECT_VERSION = 1;
				DEVELOPMENT_TEAM = Y92476QC5T;
				GENERATE_INFOPLIST_FILE = YES;
				MARKETING_VERSION = 1.0;
				PRODUCT_BUNDLE_IDENTIFIER = com.ibike668.CityPublicBike.LoanGuruUITests;
				PRODUCT_NAME = "$(TARGET_NAME)";
				SWIFT_EMIT_LOC_STRINGS = NO;
				TARGETED_DEVICE_FAMILY = "1,2";
				TEST_TARGET_NAME = LoanGuru;
			};
			name = Release;
		};
/* End XCBuildConfiguration section */

/* Begin XCConfigurationList section */
		18A57BCE29A88E5700BD7909 /* Build configuration list for PBXProject "LoanGuru" */ = {
			isa = XCConfigurationList;
			buildConfigurations = (
				18A57C0029A88E5900BD7909 /* Debug */,
				18A57C0129A88E5900BD7909 /* Release */,
			);
			defaultConfigurationIsVisible = 0;
			defaultConfigurationName = Release;
		};
		18A57C0229A88E5900BD7909 /* Build configuration list for PBXNativeTarget "LoanGuru" */ = {
			isa = XCConfigurationList;
			buildConfigurations = (
				18A57C0329A88E5900BD7909 /* Debug */,
				18A57C0429A88E5900BD7909 /* Release */,
			);
			defaultConfigurationIsVisible = 0;
			defaultConfigurationName = Release;
		};
		18A57C0529A88E5900BD7909 /* Build configuration list for PBXNativeTarget "LoanGuruTests" */ = {
			isa = XCConfigurationList;
			buildConfigurations = (
				18A57C0629A88E5900BD7909 /* Debug */,
				18A57C0729A88E5900BD7909 /* Release */,
			);
			defaultConfigurationIsVisible = 0;
			defaultConfigurationName = Release;
		};
		18A57C0829A88E5900BD7909 /* Build configuration list for PBXNativeTarget "LoanGuruUITests" */ = {
			isa = XCConfigurationList;
			buildConfigurations = (
				18A57C0929A88E5900BD7909 /* Debug */,
				18A57C0A29A88E5900BD7909 /* Release */,
			);
			defaultConfigurationIsVisible = 0;
			defaultConfigurationName = Release;
		};
/* End XCConfigurationList section */
	};
	rootObject = 18A57BCB29A88E5700BD7909 /* Project object */;
}
